
Microsoft Visual Studio Solution File, Format Version 12.00
# Visual Studio Version 16
VisualStudioVersion = 16.0.810.7
MinimumVisualStudioVersion = 10.0.40219.1
Project("{FAE04EC0-301F-11D3-BF4B-00C04F79EFBC}") = "PerfectNumber", "PerfectNumber\PerfectNumber.csproj", "{C49B7968-A827-4460-8FF8-64F666A623BF}"
EndProject
Global
	GlobalSection(SolutionConfigurationPlatforms) = preSolution
		Debug|Any CPU = Debug|Any CPU
		Release|Any CPU = Release|Any CPU
	EndGlobalSection
	GlobalSection(ProjectConfigurationPlatforms) = postSolution
		{C49B7968-A827-4460-8FF8-64F666A623BF}.Debug|Any CPU.ActiveCfg = Debug|Any CPU
		{C49B7968-A827-4460-8FF8-64F666A623BF}.Debug|Any CPU.Build.0 = Debug|Any CPU
		{C49B7968-A827-4460-8FF8-64F666A623BF}.Release|Any CPU.ActiveCfg = Release|Any CPU
		{C49B7968-A827-4460-8FF8-64F666A623BF}.Release|Any CPU.Build.0 = Release|Any CPU
	EndGlobalSection
	GlobalSection(SolutionProperties) = preSolution
		HideSolutionNode = FALSE
	EndGlobalSection
	GlobalSection(ExtensibilityGlobals) = postSolution
		SolutionGuid = {B26C3F4C-50CE-40AE-A1EA-4D688D7AFE15}
	EndGlobalSection
EndGlobal
