
Microsoft Visual Studio Solution File, Format Version 12.00
# Visual Studio Version 16
VisualStudioVersion = 16.0.810.7
MinimumVisualStudioVersion = 10.0.40219.1
Project("{FAE04EC0-301F-11D3-BF4B-00C04F79EFBC}") = "Fibonacci_Series", "Fibonacci_Series\Fibonacci_Series.csproj", "{04CDE736-7C94-4CD9-8109-730BA85B204F}"
EndProject
Global
	GlobalSection(SolutionConfigurationPlatforms) = preSolution
		Debug|Any CPU = Debug|Any CPU
		Release|Any CPU = Release|Any CPU
	EndGlobalSection
	GlobalSection(ProjectConfigurationPlatforms) = postSolution
		{04CDE736-7C94-4CD9-8109-730BA85B204F}.Debug|Any CPU.ActiveCfg = Debug|Any CPU
		{04CDE736-7C94-4CD9-8109-730BA85B204F}.Debug|Any CPU.Build.0 = Debug|Any CPU
		{04CDE736-7C94-4CD9-8109-730BA85B204F}.Release|Any CPU.ActiveCfg = Release|Any CPU
		{04CDE736-7C94-4CD9-8109-730BA85B204F}.Release|Any CPU.Build.0 = Release|Any CPU
	EndGlobalSection
	GlobalSection(SolutionProperties) = preSolution
		HideSolutionNode = FALSE
	EndGlobalSection
	GlobalSection(ExtensibilityGlobals) = postSolution
		SolutionGuid = {799E2BB4-7D9B-437E-86A8-0DACE6E40306}
	EndGlobalSection
EndGlobal
